
Microsoft Visual Studio Solution File, Format Version 12.00
# Visual Studio 2013
VisualStudioVersion = 12.0.21005.1
MinimumVisualStudioVersion = 10.0.40219.1
Project("{8BC9CEB8-8B4A-11D0-8D11-00A0C91BC942}") = "MozMath", "MozMath\MozMath.vcxproj", "{C6E76AF6-D55C-455A-80EC-F6744521A034}"
EndProject
Project("{8BC9CEB8-8B4A-11D0-8D11-00A0C91BC942}") = "MozThread", "MozThread\MozThread.vcxproj", "{68B3A976-B50C-4CE7-BCC5-E6029E22FFCF}"
EndProject
Project("{8BC9CEB8-8B4A-11D0-8D11-00A0C91BC942}") = "MozWindow", "MozWindow\MozWindow.vcxproj", "{17242E9C-B454-4A6B-AD94-78BBB781912C}"
EndProject
Project("{8BC9CEB8-8B4A-11D0-8D11-00A0C91BC942}") = "MozTest", "MozTest\mozTest.vcxproj", "{8C03B83D-A225-4021-8763-98279321516E}"
EndProject
Project("{8BC9CEB8-8B4A-11D0-8D11-00A0C91BC942}") = "MozCommon", "MozCommon\mozCommon.vcxproj", "{F209A173-F384-45BD-ADCB-37753FAE407C}"
EndProject
Project("{8BC9CEB8-8B4A-11D0-8D11-00A0C91BC942}") = "MozDirectX", "MozDirectX\MozDirectX.vcxproj", "{0FA8EAAE-7DFF-44F3-991D-E5B577541641}"
EndProject
Project("{8BC9CEB8-8B4A-11D0-8D11-00A0C91BC942}") = "MozInput", "MozInput\MozInput.vcxproj", "{AFEB014F-E953-4A24-9EC4-2A48D860DD8A}"
EndProject
Global
	GlobalSection(SolutionConfigurationPlatforms) = preSolution
		Debug|Win32 = Debug|Win32
		Release|Win32 = Release|Win32
	EndGlobalSection
	GlobalSection(ProjectConfigurationPlatforms) = postSolution
		{C6E76AF6-D55C-455A-80EC-F6744521A034}.Debug|Win32.ActiveCfg = Debug|Win32
		{C6E76AF6-D55C-455A-80EC-F6744521A034}.Debug|Win32.Build.0 = Debug|Win32
		{C6E76AF6-D55C-455A-80EC-F6744521A034}.Release|Win32.ActiveCfg = Release|Win32
		{C6E76AF6-D55C-455A-80EC-F6744521A034}.Release|Win32.Build.0 = Release|Win32
		{68B3A976-B50C-4CE7-BCC5-E6029E22FFCF}.Debug|Win32.ActiveCfg = Debug|Win32
		{68B3A976-B50C-4CE7-BCC5-E6029E22FFCF}.Debug|Win32.Build.0 = Debug|Win32
		{68B3A976-B50C-4CE7-BCC5-E6029E22FFCF}.Release|Win32.ActiveCfg = Release|Win32
		{68B3A976-B50C-4CE7-BCC5-E6029E22FFCF}.Release|Win32.Build.0 = Release|Win32
		{17242E9C-B454-4A6B-AD94-78BBB781912C}.Debug|Win32.ActiveCfg = Debug|Win32
		{17242E9C-B454-4A6B-AD94-78BBB781912C}.Debug|Win32.Build.0 = Debug|Win32
		{17242E9C-B454-4A6B-AD94-78BBB781912C}.Release|Win32.ActiveCfg = Release|Win32
		{17242E9C-B454-4A6B-AD94-78BBB781912C}.Release|Win32.Build.0 = Release|Win32
		{8C03B83D-A225-4021-8763-98279321516E}.Debug|Win32.ActiveCfg = Debug|Win32
		{8C03B83D-A225-4021-8763-98279321516E}.Debug|Win32.Build.0 = Debug|Win32
		{8C03B83D-A225-4021-8763-98279321516E}.Release|Win32.ActiveCfg = Release|Win32
		{8C03B83D-A225-4021-8763-98279321516E}.Release|Win32.Build.0 = Release|Win32
		{F209A173-F384-45BD-ADCB-37753FAE407C}.Debug|Win32.ActiveCfg = Debug|Win32
		{F209A173-F384-45BD-ADCB-37753FAE407C}.Debug|Win32.Build.0 = Debug|Win32
		{F209A173-F384-45BD-ADCB-37753FAE407C}.Release|Win32.ActiveCfg = Release|Win32
		{F209A173-F384-45BD-ADCB-37753FAE407C}.Release|Win32.Build.0 = Release|Win32
		{0FA8EAAE-7DFF-44F3-991D-E5B577541641}.Debug|Win32.ActiveCfg = Debug|Win32
		{0FA8EAAE-7DFF-44F3-991D-E5B577541641}.Debug|Win32.Build.0 = Debug|Win32
		{0FA8EAAE-7DFF-44F3-991D-E5B577541641}.Release|Win32.ActiveCfg = Release|Win32
		{0FA8EAAE-7DFF-44F3-991D-E5B577541641}.Release|Win32.Build.0 = Release|Win32
		{AFEB014F-E953-4A24-9EC4-2A48D860DD8A}.Debug|Win32.ActiveCfg = Debug|Win32
		{AFEB014F-E953-4A24-9EC4-2A48D860DD8A}.Debug|Win32.Build.0 = Debug|Win32
		{AFEB014F-E953-4A24-9EC4-2A48D860DD8A}.Release|Win32.ActiveCfg = Release|Win32
		{AFEB014F-E953-4A24-9EC4-2A48D860DD8A}.Release|Win32.Build.0 = Release|Win32
	EndGlobalSection
	GlobalSection(SolutionProperties) = preSolution
		HideSolutionNode = FALSE
	EndGlobalSection
EndGlobal
