<?xml version="1.0" encoding="utf-8"?>
<Project ToolsVersion="4.0" xmlns="http://schemas.microsoft.com/developer/msbuild/2003">
  <ItemGroup>
    <ClInclude Include="..\header\mozCommon.h" />
    <ClInclude Include="..\header\mozAssert.h" />
  </ItemGroup>
  <ItemGroup>
    <Filter Include="source">
      <UniqueIdentifier>{a2122ecb-e2e4-4246-a999-82c848b1e271}</UniqueIdentifier>
    </Filter>
  </ItemGroup>
  <ItemGroup>
    <ClCompile Include="mozAssert.cpp">
      <Filter>source</Filter>
    </ClCompile>
  </ItemGroup>
</Project>