<?xml version="1.0" encoding="utf-8"?>
<Project ToolsVersion="4.0" xmlns="http://schemas.microsoft.com/developer/msbuild/2003">
  <ItemGroup>
    <Filter Include="source">
      <UniqueIdentifier>{2cdcbc48-c134-4ff8-8570-89c2e7055c99}</UniqueIdentifier>
    </Filter>
  </ItemGroup>
  <ItemGroup>
    <ClInclude Include="..\header\mozThread.h" />
  </ItemGroup>
  <ItemGroup>
    <ClCompile Include="source\mozThread.cpp">
      <Filter>source</Filter>
    </ClCompile>
  </ItemGroup>
</Project>